
Microsoft Visual Studio Solution File, Format Version 12.00
# Visual Studio Version 17
VisualStudioVersion = 17.3.32825.248
MinimumVisualStudioVersion = 10.0.40219.1
Project("{9A19103F-16F7-4668-BE54-9A1E7A4F7556}") = "Ch1P5", "Ch1P5\Ch1P5.csproj", "{BD02A90C-D1EC-48D3-9D8B-7A73D62894E0}"
EndProject
Project("{9A19103F-16F7-4668-BE54-9A1E7A4F7556}") = "Ch1P6", "Ch1P6\Ch1P6.csproj", "{A4D34C9B-DF35-4604-953F-33FC4BD3E162}"
EndProject
Project("{9A19103F-16F7-4668-BE54-9A1E7A4F7556}") = "Ch1P7", "Ch1P7\Ch1P7.csproj", "{10006FB0-FDC2-404F-8C87-208313FBB8B0}"
EndProject
Project("{9A19103F-16F7-4668-BE54-9A1E7A4F7556}") = "Ch1P8", "Ch1P8\Ch1P8.csproj", "{E9F87B42-9105-4941-B3D1-12E00035E8A0}"
EndProject
Project("{9A19103F-16F7-4668-BE54-9A1E7A4F7556}") = "Ch1P9", "Ch1P9\Ch1P9.csproj", "{D06D1038-0966-4AA3-801A-AB86EABF5339}"
EndProject
Project("{9A19103F-16F7-4668-BE54-9A1E7A4F7556}") = "Ch1P10", "Ch1P10\Ch1P10.csproj", "{DE20CDFA-8EEB-4087-8C57-E32384505C64}"
EndProject
Project("{9A19103F-16F7-4668-BE54-9A1E7A4F7556}") = "Ch1P11", "Ch1P11\Ch1P11.csproj", "{4003411B-0F3A-4B54-9B6E-2DDD0DC87CF9}"
EndProject
Project("{9A19103F-16F7-4668-BE54-9A1E7A4F7556}") = "Ch2P1", "Ch2P1\Ch2P1.csproj", "{2E019368-93C3-4843-B077-374C8D4C9411}"
EndProject
Project("{9A19103F-16F7-4668-BE54-9A1E7A4F7556}") = "Ch2P3", "Ch2P3\Ch2P3.csproj", "{94CA6120-450A-4458-8539-16DFF699FB5A}"
EndProject
Project("{9A19103F-16F7-4668-BE54-9A1E7A4F7556}") = "Ch2P4", "Ch2P4\Ch2P4.csproj", "{A755F988-6E53-4E06-8FAE-AA3066E36721}"
EndProject
Project("{9A19103F-16F7-4668-BE54-9A1E7A4F7556}") = "Ch2P5", "Ch2P5\Ch2P5.csproj", "{3F03E412-AFF1-4E78-ACE9-2120E01B61E0}"
EndProject
Project("{9A19103F-16F7-4668-BE54-9A1E7A4F7556}") = "Ch2P6", "Ch2P6\Ch2P6.csproj", "{BABCB956-7BE5-4EE1-B7F3-747CB831483C}"
EndProject
Project("{9A19103F-16F7-4668-BE54-9A1E7A4F7556}") = "Ch2P7", "Ch2P7\Ch2P7.csproj", "{554B1A0B-AD84-4035-8B12-EFD44B5D0108}"
EndProject
Project("{9A19103F-16F7-4668-BE54-9A1E7A4F7556}") = "Ch2P8", "Ch2P8\Ch2P8.csproj", "{EF4A54FA-687F-4F49-BD14-1083E9923884}"
EndProject
Project("{9A19103F-16F7-4668-BE54-9A1E7A4F7556}") = "Ch2P9", "Ch2P9\Ch2P9.csproj", "{17EA96EF-6BE4-4B54-8AAA-C9BA83CBBF75}"
EndProject
Project("{9A19103F-16F7-4668-BE54-9A1E7A4F7556}") = "Ch2P10", "Ch2P10\Ch2P10.csproj", "{7DFC0AFC-48DD-4FE6-AE2D-2DFAAE5A06A4}"
EndProject
Project("{9A19103F-16F7-4668-BE54-9A1E7A4F7556}") = "Ch2P11", "Ch2P11\Ch2P11.csproj", "{15CD8F13-D109-47D9-9210-91BC4E77C45A}"
EndProject
Project("{9A19103F-16F7-4668-BE54-9A1E7A4F7556}") = "Ch2P12", "Ch2P12\Ch2P12.csproj", "{14BA971E-8160-4ED6-A3B8-5CA8F9B4E377}"
EndProject
Project("{9A19103F-16F7-4668-BE54-9A1E7A4F7556}") = "Ch2P13", "Ch2P13\Ch2P13.csproj", "{B9F2B192-6365-4F77-91BB-9A4954C3C923}"
EndProject
Project("{9A19103F-16F7-4668-BE54-9A1E7A4F7556}") = "Ch3P1", "Ch3P1\Ch3P1.csproj", "{C2BE794D-D8F4-4A84-ACD5-F6B077BDEBE0}"
EndProject
Project("{9A19103F-16F7-4668-BE54-9A1E7A4F7556}") = "Ch3P2", "Ch3P2\Ch3P2.csproj", "{9C0253CB-D220-4277-ABE7-4EBE4252D4B3}"
EndProject
Project("{9A19103F-16F7-4668-BE54-9A1E7A4F7556}") = "Ch3P3", "Ch3P3\Ch3P3.csproj", "{DA08EC5E-EF4B-4368-B301-92AAAD38F55E}"
EndProject
Project("{9A19103F-16F7-4668-BE54-9A1E7A4F7556}") = "Ch3P4", "Ch3P4\Ch3P4.csproj", "{BFB19AF7-4E82-4353-932F-5207E764AE2D}"
EndProject
Project("{9A19103F-16F7-4668-BE54-9A1E7A4F7556}") = "Ch3P5", "Ch3P5\Ch3P5.csproj", "{C54E3496-8B3E-4474-8D47-EC690B737B56}"
EndProject
Project("{9A19103F-16F7-4668-BE54-9A1E7A4F7556}") = "Ch3P6", "Ch3P6\Ch3P6.csproj", "{58E0AC0A-C14A-4E21-8674-6A12D644752C}"
EndProject
Project("{9A19103F-16F7-4668-BE54-9A1E7A4F7556}") = "Ch3P7", "Ch3P7\Ch3P7.csproj", "{8E9C5F17-F6D7-4150-8373-2DEB320AC842}"
EndProject
Project("{9A19103F-16F7-4668-BE54-9A1E7A4F7556}") = "Ch3P8", "Ch3P8\Ch3P8.csproj", "{F9A292CC-D430-4508-8BDF-D0B0D819617B}"
EndProject
Project("{9A19103F-16F7-4668-BE54-9A1E7A4F7556}") = "Ch3P9", "Ch3P9\Ch3P9.csproj", "{46E00EEE-26B5-4264-AE50-AB97315FE70A}"
EndProject
Project("{9A19103F-16F7-4668-BE54-9A1E7A4F7556}") = "Ch3P10", "Ch3P10\Ch3P10.csproj", "{69B264D2-3A05-4E46-AAAF-9CE854B18D8C}"
EndProject
Project("{9A19103F-16F7-4668-BE54-9A1E7A4F7556}") = "Ch3P11", "Ch3P11\Ch3P11.csproj", "{91940E81-2B58-4887-BDD0-7CF250B407D3}"
EndProject
Project("{9A19103F-16F7-4668-BE54-9A1E7A4F7556}") = "Ch3P12", "Ch3P12\Ch3P12.csproj", "{75254398-C4A8-42BA-9465-C55E140617D8}"
EndProject
Project("{9A19103F-16F7-4668-BE54-9A1E7A4F7556}") = "Ch3P13", "Ch3P13\Ch3P13.csproj", "{AEC7CAAF-99F8-4CA0-B2A2-DA4FE8828D33}"
EndProject
Project("{9A19103F-16F7-4668-BE54-9A1E7A4F7556}") = "Ch3P14", "Ch3P14\Ch3P14.csproj", "{690E34EC-0A91-4151-BB6F-835A9757B80F}"
EndProject
Project("{9A19103F-16F7-4668-BE54-9A1E7A4F7556}") = "Ch4P1", "Ch4P1\Ch4P1.csproj", "{37C366C4-0E57-404E-BE26-FF6D1CFB0EE0}"
EndProject
Project("{9A19103F-16F7-4668-BE54-9A1E7A4F7556}") = "Ch4P2", "Ch4P2\Ch4P2.csproj", "{7E30C088-C307-48D9-9BB9-D258BB3D50D9}"
EndProject
Project("{9A19103F-16F7-4668-BE54-9A1E7A4F7556}") = "Ch4P3", "Ch4P3\Ch4P3.csproj", "{B2EB3657-F8EE-4D39-A2B4-ADBAABE5B6A7}"
EndProject
Project("{9A19103F-16F7-4668-BE54-9A1E7A4F7556}") = "Ch4P4", "Ch4P4\Ch4P4.csproj", "{70E6A37F-0D1B-4102-A0DF-A968343C9EC3}"
EndProject
Project("{9A19103F-16F7-4668-BE54-9A1E7A4F7556}") = "Ch4P5", "Ch4P5\Ch4P5.csproj", "{7AC2CD25-3B9D-4580-9963-580A0CBA1032}"
EndProject
Project("{9A19103F-16F7-4668-BE54-9A1E7A4F7556}") = "Ch4P6", "Ch4P6\Ch4P6.csproj", "{68BDC500-09EF-490B-A1F0-CD9C8750F626}"
EndProject
Project("{9A19103F-16F7-4668-BE54-9A1E7A4F7556}") = "Ch4P7", "Ch4P7\Ch4P7.csproj", "{283ABE7E-0F6C-40F2-8074-555236BE97B3}"
EndProject
Project("{9A19103F-16F7-4668-BE54-9A1E7A4F7556}") = "Ch4P8", "Ch4P8\Ch4P8.csproj", "{108D6BE0-B126-43F1-AC26-49427DEAEBD6}"
EndProject
Project("{9A19103F-16F7-4668-BE54-9A1E7A4F7556}") = "Ch4P9", "Ch4P9\Ch4P9.csproj", "{62D31DE5-D97F-4133-899B-7A8CC195598B}"
EndProject
Project("{9A19103F-16F7-4668-BE54-9A1E7A4F7556}") = "Ch4P10", "Ch4P10\Ch4P10.csproj", "{213F1FAA-C946-4583-A4DC-5FF6F3269F75}"
EndProject
Project("{9A19103F-16F7-4668-BE54-9A1E7A4F7556}") = "Ch4P11", "Ch4P11\Ch4P11.csproj", "{966D9CD2-F294-438A-AB26-EA5C13111045}"
EndProject
Project("{9A19103F-16F7-4668-BE54-9A1E7A4F7556}") = "Ch4P12", "Ch4P12\Ch4P12.csproj", "{B2C45CDD-5718-4368-8728-EADF5B08AF57}"
EndProject
Project("{FAE04EC0-301F-11D3-BF4B-00C04F79EFBC}") = "Ch5P1", "Ch5P1\Ch5P1.csproj", "{0A2C0716-2B91-4CF1-A799-BC7D491EEE52}"
EndProject
Project("{FAE04EC0-301F-11D3-BF4B-00C04F79EFBC}") = "Ch5P2", "Ch5P2\Ch5P2.csproj", "{C524BFFE-B702-44C0-94C4-EAE4E1032A96}"
EndProject
Project("{FAE04EC0-301F-11D3-BF4B-00C04F79EFBC}") = "Ch5P3", "Ch5P3\Ch5P3.csproj", "{246B7963-8D6B-4A48-B231-57C09C260C03}"
EndProject
Project("{FAE04EC0-301F-11D3-BF4B-00C04F79EFBC}") = "Ch5P4", "Ch5P4\Ch5P4.csproj", "{B80DA93A-3A27-48A7-8DA4-09995EE834C8}"
EndProject
Global
	GlobalSection(SolutionConfigurationPlatforms) = preSolution
		Debug|Any CPU = Debug|Any CPU
		Release|Any CPU = Release|Any CPU
	EndGlobalSection
	GlobalSection(ProjectConfigurationPlatforms) = postSolution
		{BD02A90C-D1EC-48D3-9D8B-7A73D62894E0}.Debug|Any CPU.ActiveCfg = Debug|Any CPU
		{BD02A90C-D1EC-48D3-9D8B-7A73D62894E0}.Debug|Any CPU.Build.0 = Debug|Any CPU
		{BD02A90C-D1EC-48D3-9D8B-7A73D62894E0}.Release|Any CPU.ActiveCfg = Release|Any CPU
		{BD02A90C-D1EC-48D3-9D8B-7A73D62894E0}.Release|Any CPU.Build.0 = Release|Any CPU
		{A4D34C9B-DF35-4604-953F-33FC4BD3E162}.Debug|Any CPU.ActiveCfg = Debug|Any CPU
		{A4D34C9B-DF35-4604-953F-33FC4BD3E162}.Debug|Any CPU.Build.0 = Debug|Any CPU
		{A4D34C9B-DF35-4604-953F-33FC4BD3E162}.Release|Any CPU.ActiveCfg = Release|Any CPU
		{A4D34C9B-DF35-4604-953F-33FC4BD3E162}.Release|Any CPU.Build.0 = Release|Any CPU
		{10006FB0-FDC2-404F-8C87-208313FBB8B0}.Debug|Any CPU.ActiveCfg = Debug|Any CPU
		{10006FB0-FDC2-404F-8C87-208313FBB8B0}.Debug|Any CPU.Build.0 = Debug|Any CPU
		{10006FB0-FDC2-404F-8C87-208313FBB8B0}.Release|Any CPU.ActiveCfg = Release|Any CPU
		{10006FB0-FDC2-404F-8C87-208313FBB8B0}.Release|Any CPU.Build.0 = Release|Any CPU
		{E9F87B42-9105-4941-B3D1-12E00035E8A0}.Debug|Any CPU.ActiveCfg = Debug|Any CPU
		{E9F87B42-9105-4941-B3D1-12E00035E8A0}.Debug|Any CPU.Build.0 = Debug|Any CPU
		{E9F87B42-9105-4941-B3D1-12E00035E8A0}.Release|Any CPU.ActiveCfg = Release|Any CPU
		{E9F87B42-9105-4941-B3D1-12E00035E8A0}.Release|Any CPU.Build.0 = Release|Any CPU
		{D06D1038-0966-4AA3-801A-AB86EABF5339}.Debug|Any CPU.ActiveCfg = Debug|Any CPU
		{D06D1038-0966-4AA3-801A-AB86EABF5339}.Debug|Any CPU.Build.0 = Debug|Any CPU
		{D06D1038-0966-4AA3-801A-AB86EABF5339}.Release|Any CPU.ActiveCfg = Release|Any CPU
		{D06D1038-0966-4AA3-801A-AB86EABF5339}.Release|Any CPU.Build.0 = Release|Any CPU
		{DE20CDFA-8EEB-4087-8C57-E32384505C64}.Debug|Any CPU.ActiveCfg = Debug|Any CPU
		{DE20CDFA-8EEB-4087-8C57-E32384505C64}.Debug|Any CPU.Build.0 = Debug|Any CPU
		{DE20CDFA-8EEB-4087-8C57-E32384505C64}.Release|Any CPU.ActiveCfg = Release|Any CPU
		{DE20CDFA-8EEB-4087-8C57-E32384505C64}.Release|Any CPU.Build.0 = Release|Any CPU
		{4003411B-0F3A-4B54-9B6E-2DDD0DC87CF9}.Debug|Any CPU.ActiveCfg = Debug|Any CPU
		{4003411B-0F3A-4B54-9B6E-2DDD0DC87CF9}.Debug|Any CPU.Build.0 = Debug|Any CPU
		{4003411B-0F3A-4B54-9B6E-2DDD0DC87CF9}.Release|Any CPU.ActiveCfg = Release|Any CPU
		{4003411B-0F3A-4B54-9B6E-2DDD0DC87CF9}.Release|Any CPU.Build.0 = Release|Any CPU
		{2E019368-93C3-4843-B077-374C8D4C9411}.Debug|Any CPU.ActiveCfg = Debug|Any CPU
		{2E019368-93C3-4843-B077-374C8D4C9411}.Debug|Any CPU.Build.0 = Debug|Any CPU
		{2E019368-93C3-4843-B077-374C8D4C9411}.Release|Any CPU.ActiveCfg = Release|Any CPU
		{2E019368-93C3-4843-B077-374C8D4C9411}.Release|Any CPU.Build.0 = Release|Any CPU
		{94CA6120-450A-4458-8539-16DFF699FB5A}.Debug|Any CPU.ActiveCfg = Debug|Any CPU
		{94CA6120-450A-4458-8539-16DFF699FB5A}.Debug|Any CPU.Build.0 = Debug|Any CPU
		{94CA6120-450A-4458-8539-16DFF699FB5A}.Release|Any CPU.ActiveCfg = Release|Any CPU
		{94CA6120-450A-4458-8539-16DFF699FB5A}.Release|Any CPU.Build.0 = Release|Any CPU
		{A755F988-6E53-4E06-8FAE-AA3066E36721}.Debug|Any CPU.ActiveCfg = Debug|Any CPU
		{A755F988-6E53-4E06-8FAE-AA3066E36721}.Debug|Any CPU.Build.0 = Debug|Any CPU
		{A755F988-6E53-4E06-8FAE-AA3066E36721}.Release|Any CPU.ActiveCfg = Release|Any CPU
		{A755F988-6E53-4E06-8FAE-AA3066E36721}.Release|Any CPU.Build.0 = Release|Any CPU
		{3F03E412-AFF1-4E78-ACE9-2120E01B61E0}.Debug|Any CPU.ActiveCfg = Debug|Any CPU
		{3F03E412-AFF1-4E78-ACE9-2120E01B61E0}.Debug|Any CPU.Build.0 = Debug|Any CPU
		{3F03E412-AFF1-4E78-ACE9-2120E01B61E0}.Release|Any CPU.ActiveCfg = Release|Any CPU
		{3F03E412-AFF1-4E78-ACE9-2120E01B61E0}.Release|Any CPU.Build.0 = Release|Any CPU
		{BABCB956-7BE5-4EE1-B7F3-747CB831483C}.Debug|Any CPU.ActiveCfg = Debug|Any CPU
		{BABCB956-7BE5-4EE1-B7F3-747CB831483C}.Debug|Any CPU.Build.0 = Debug|Any CPU
		{BABCB956-7BE5-4EE1-B7F3-747CB831483C}.Release|Any CPU.ActiveCfg = Release|Any CPU
		{BABCB956-7BE5-4EE1-B7F3-747CB831483C}.Release|Any CPU.Build.0 = Release|Any CPU
		{554B1A0B-AD84-4035-8B12-EFD44B5D0108}.Debug|Any CPU.ActiveCfg = Debug|Any CPU
		{554B1A0B-AD84-4035-8B12-EFD44B5D0108}.Debug|Any CPU.Build.0 = Debug|Any CPU
		{554B1A0B-AD84-4035-8B12-EFD44B5D0108}.Release|Any CPU.ActiveCfg = Release|Any CPU
		{554B1A0B-AD84-4035-8B12-EFD44B5D0108}.Release|Any CPU.Build.0 = Release|Any CPU
		{EF4A54FA-687F-4F49-BD14-1083E9923884}.Debug|Any CPU.ActiveCfg = Debug|Any CPU
		{EF4A54FA-687F-4F49-BD14-1083E9923884}.Debug|Any CPU.Build.0 = Debug|Any CPU
		{EF4A54FA-687F-4F49-BD14-1083E9923884}.Release|Any CPU.ActiveCfg = Release|Any CPU
		{EF4A54FA-687F-4F49-BD14-1083E9923884}.Release|Any CPU.Build.0 = Release|Any CPU
		{17EA96EF-6BE4-4B54-8AAA-C9BA83CBBF75}.Debug|Any CPU.ActiveCfg = Debug|Any CPU
		{17EA96EF-6BE4-4B54-8AAA-C9BA83CBBF75}.Debug|Any CPU.Build.0 = Debug|Any CPU
		{17EA96EF-6BE4-4B54-8AAA-C9BA83CBBF75}.Release|Any CPU.ActiveCfg = Release|Any CPU
		{17EA96EF-6BE4-4B54-8AAA-C9BA83CBBF75}.Release|Any CPU.Build.0 = Release|Any CPU
		{7DFC0AFC-48DD-4FE6-AE2D-2DFAAE5A06A4}.Debug|Any CPU.ActiveCfg = Debug|Any CPU
		{7DFC0AFC-48DD-4FE6-AE2D-2DFAAE5A06A4}.Debug|Any CPU.Build.0 = Debug|Any CPU
		{7DFC0AFC-48DD-4FE6-AE2D-2DFAAE5A06A4}.Release|Any CPU.ActiveCfg = Release|Any CPU
		{7DFC0AFC-48DD-4FE6-AE2D-2DFAAE5A06A4}.Release|Any CPU.Build.0 = Release|Any CPU
		{15CD8F13-D109-47D9-9210-91BC4E77C45A}.Debug|Any CPU.ActiveCfg = Debug|Any CPU
		{15CD8F13-D109-47D9-9210-91BC4E77C45A}.Debug|Any CPU.Build.0 = Debug|Any CPU
		{15CD8F13-D109-47D9-9210-91BC4E77C45A}.Release|Any CPU.ActiveCfg = Release|Any CPU
		{15CD8F13-D109-47D9-9210-91BC4E77C45A}.Release|Any CPU.Build.0 = Release|Any CPU
		{14BA971E-8160-4ED6-A3B8-5CA8F9B4E377}.Debug|Any CPU.ActiveCfg = Debug|Any CPU
		{14BA971E-8160-4ED6-A3B8-5CA8F9B4E377}.Debug|Any CPU.Build.0 = Debug|Any CPU
		{14BA971E-8160-4ED6-A3B8-5CA8F9B4E377}.Release|Any CPU.ActiveCfg = Release|Any CPU
		{14BA971E-8160-4ED6-A3B8-5CA8F9B4E377}.Release|Any CPU.Build.0 = Release|Any CPU
		{B9F2B192-6365-4F77-91BB-9A4954C3C923}.Debug|Any CPU.ActiveCfg = Debug|Any CPU
		{B9F2B192-6365-4F77-91BB-9A4954C3C923}.Debug|Any CPU.Build.0 = Debug|Any CPU
		{B9F2B192-6365-4F77-91BB-9A4954C3C923}.Release|Any CPU.ActiveCfg = Release|Any CPU
		{B9F2B192-6365-4F77-91BB-9A4954C3C923}.Release|Any CPU.Build.0 = Release|Any CPU
		{C2BE794D-D8F4-4A84-ACD5-F6B077BDEBE0}.Debug|Any CPU.ActiveCfg = Debug|Any CPU
		{C2BE794D-D8F4-4A84-ACD5-F6B077BDEBE0}.Debug|Any CPU.Build.0 = Debug|Any CPU
		{C2BE794D-D8F4-4A84-ACD5-F6B077BDEBE0}.Release|Any CPU.ActiveCfg = Release|Any CPU
		{C2BE794D-D8F4-4A84-ACD5-F6B077BDEBE0}.Release|Any CPU.Build.0 = Release|Any CPU
		{9C0253CB-D220-4277-ABE7-4EBE4252D4B3}.Debug|Any CPU.ActiveCfg = Debug|Any CPU
		{9C0253CB-D220-4277-ABE7-4EBE4252D4B3}.Debug|Any CPU.Build.0 = Debug|Any CPU
		{9C0253CB-D220-4277-ABE7-4EBE4252D4B3}.Release|Any CPU.ActiveCfg = Release|Any CPU
		{9C0253CB-D220-4277-ABE7-4EBE4252D4B3}.Release|Any CPU.Build.0 = Release|Any CPU
		{DA08EC5E-EF4B-4368-B301-92AAAD38F55E}.Debug|Any CPU.ActiveCfg = Debug|Any CPU
		{DA08EC5E-EF4B-4368-B301-92AAAD38F55E}.Debug|Any CPU.Build.0 = Debug|Any CPU
		{DA08EC5E-EF4B-4368-B301-92AAAD38F55E}.Release|Any CPU.ActiveCfg = Release|Any CPU
		{DA08EC5E-EF4B-4368-B301-92AAAD38F55E}.Release|Any CPU.Build.0 = Release|Any CPU
		{BFB19AF7-4E82-4353-932F-5207E764AE2D}.Debug|Any CPU.ActiveCfg = Debug|Any CPU
		{BFB19AF7-4E82-4353-932F-5207E764AE2D}.Debug|Any CPU.Build.0 = Debug|Any CPU
		{BFB19AF7-4E82-4353-932F-5207E764AE2D}.Release|Any CPU.ActiveCfg = Release|Any CPU
		{BFB19AF7-4E82-4353-932F-5207E764AE2D}.Release|Any CPU.Build.0 = Release|Any CPU
		{C54E3496-8B3E-4474-8D47-EC690B737B56}.Debug|Any CPU.ActiveCfg = Debug|Any CPU
		{C54E3496-8B3E-4474-8D47-EC690B737B56}.Debug|Any CPU.Build.0 = Debug|Any CPU
		{C54E3496-8B3E-4474-8D47-EC690B737B56}.Release|Any CPU.ActiveCfg = Release|Any CPU
		{C54E3496-8B3E-4474-8D47-EC690B737B56}.Release|Any CPU.Build.0 = Release|Any CPU
		{58E0AC0A-C14A-4E21-8674-6A12D644752C}.Debug|Any CPU.ActiveCfg = Debug|Any CPU
		{58E0AC0A-C14A-4E21-8674-6A12D644752C}.Debug|Any CPU.Build.0 = Debug|Any CPU
		{58E0AC0A-C14A-4E21-8674-6A12D644752C}.Release|Any CPU.ActiveCfg = Release|Any CPU
		{58E0AC0A-C14A-4E21-8674-6A12D644752C}.Release|Any CPU.Build.0 = Release|Any CPU
		{8E9C5F17-F6D7-4150-8373-2DEB320AC842}.Debug|Any CPU.ActiveCfg = Debug|Any CPU
		{8E9C5F17-F6D7-4150-8373-2DEB320AC842}.Debug|Any CPU.Build.0 = Debug|Any CPU
		{8E9C5F17-F6D7-4150-8373-2DEB320AC842}.Release|Any CPU.ActiveCfg = Release|Any CPU
		{8E9C5F17-F6D7-4150-8373-2DEB320AC842}.Release|Any CPU.Build.0 = Release|Any CPU
		{F9A292CC-D430-4508-8BDF-D0B0D819617B}.Debug|Any CPU.ActiveCfg = Debug|Any CPU
		{F9A292CC-D430-4508-8BDF-D0B0D819617B}.Debug|Any CPU.Build.0 = Debug|Any CPU
		{F9A292CC-D430-4508-8BDF-D0B0D819617B}.Release|Any CPU.ActiveCfg = Release|Any CPU
		{F9A292CC-D430-4508-8BDF-D0B0D819617B}.Release|Any CPU.Build.0 = Release|Any CPU
		{46E00EEE-26B5-4264-AE50-AB97315FE70A}.Debug|Any CPU.ActiveCfg = Debug|Any CPU
		{46E00EEE-26B5-4264-AE50-AB97315FE70A}.Debug|Any CPU.Build.0 = Debug|Any CPU
		{46E00EEE-26B5-4264-AE50-AB97315FE70A}.Release|Any CPU.ActiveCfg = Release|Any CPU
		{46E00EEE-26B5-4264-AE50-AB97315FE70A}.Release|Any CPU.Build.0 = Release|Any CPU
		{69B264D2-3A05-4E46-AAAF-9CE854B18D8C}.Debug|Any CPU.ActiveCfg = Debug|Any CPU
		{69B264D2-3A05-4E46-AAAF-9CE854B18D8C}.Debug|Any CPU.Build.0 = Debug|Any CPU
		{69B264D2-3A05-4E46-AAAF-9CE854B18D8C}.Release|Any CPU.ActiveCfg = Release|Any CPU
		{69B264D2-3A05-4E46-AAAF-9CE854B18D8C}.Release|Any CPU.Build.0 = Release|Any CPU
		{91940E81-2B58-4887-BDD0-7CF250B407D3}.Debug|Any CPU.ActiveCfg = Debug|Any CPU
		{91940E81-2B58-4887-BDD0-7CF250B407D3}.Debug|Any CPU.Build.0 = Debug|Any CPU
		{91940E81-2B58-4887-BDD0-7CF250B407D3}.Release|Any CPU.ActiveCfg = Release|Any CPU
		{91940E81-2B58-4887-BDD0-7CF250B407D3}.Release|Any CPU.Build.0 = Release|Any CPU
		{75254398-C4A8-42BA-9465-C55E140617D8}.Debug|Any CPU.ActiveCfg = Debug|Any CPU
		{75254398-C4A8-42BA-9465-C55E140617D8}.Debug|Any CPU.Build.0 = Debug|Any CPU
		{75254398-C4A8-42BA-9465-C55E140617D8}.Release|Any CPU.ActiveCfg = Release|Any CPU
		{75254398-C4A8-42BA-9465-C55E140617D8}.Release|Any CPU.Build.0 = Release|Any CPU
		{AEC7CAAF-99F8-4CA0-B2A2-DA4FE8828D33}.Debug|Any CPU.ActiveCfg = Debug|Any CPU
		{AEC7CAAF-99F8-4CA0-B2A2-DA4FE8828D33}.Debug|Any CPU.Build.0 = Debug|Any CPU
		{AEC7CAAF-99F8-4CA0-B2A2-DA4FE8828D33}.Release|Any CPU.ActiveCfg = Release|Any CPU
		{AEC7CAAF-99F8-4CA0-B2A2-DA4FE8828D33}.Release|Any CPU.Build.0 = Release|Any CPU
		{690E34EC-0A91-4151-BB6F-835A9757B80F}.Debug|Any CPU.ActiveCfg = Debug|Any CPU
		{690E34EC-0A91-4151-BB6F-835A9757B80F}.Debug|Any CPU.Build.0 = Debug|Any CPU
		{690E34EC-0A91-4151-BB6F-835A9757B80F}.Release|Any CPU.ActiveCfg = Release|Any CPU
		{690E34EC-0A91-4151-BB6F-835A9757B80F}.Release|Any CPU.Build.0 = Release|Any CPU
		{37C366C4-0E57-404E-BE26-FF6D1CFB0EE0}.Debug|Any CPU.ActiveCfg = Debug|Any CPU
		{37C366C4-0E57-404E-BE26-FF6D1CFB0EE0}.Debug|Any CPU.Build.0 = Debug|Any CPU
		{37C366C4-0E57-404E-BE26-FF6D1CFB0EE0}.Release|Any CPU.ActiveCfg = Release|Any CPU
		{37C366C4-0E57-404E-BE26-FF6D1CFB0EE0}.Release|Any CPU.Build.0 = Release|Any CPU
		{7E30C088-C307-48D9-9BB9-D258BB3D50D9}.Debug|Any CPU.ActiveCfg = Debug|Any CPU
		{7E30C088-C307-48D9-9BB9-D258BB3D50D9}.Debug|Any CPU.Build.0 = Debug|Any CPU
		{7E30C088-C307-48D9-9BB9-D258BB3D50D9}.Release|Any CPU.ActiveCfg = Release|Any CPU
		{7E30C088-C307-48D9-9BB9-D258BB3D50D9}.Release|Any CPU.Build.0 = Release|Any CPU
		{B2EB3657-F8EE-4D39-A2B4-ADBAABE5B6A7}.Debug|Any CPU.ActiveCfg = Debug|Any CPU
		{B2EB3657-F8EE-4D39-A2B4-ADBAABE5B6A7}.Debug|Any CPU.Build.0 = Debug|Any CPU
		{B2EB3657-F8EE-4D39-A2B4-ADBAABE5B6A7}.Release|Any CPU.ActiveCfg = Release|Any CPU
		{B2EB3657-F8EE-4D39-A2B4-ADBAABE5B6A7}.Release|Any CPU.Build.0 = Release|Any CPU
		{70E6A37F-0D1B-4102-A0DF-A968343C9EC3}.Debug|Any CPU.ActiveCfg = Debug|Any CPU
		{70E6A37F-0D1B-4102-A0DF-A968343C9EC3}.Debug|Any CPU.Build.0 = Debug|Any CPU
		{70E6A37F-0D1B-4102-A0DF-A968343C9EC3}.Release|Any CPU.ActiveCfg = Release|Any CPU
		{70E6A37F-0D1B-4102-A0DF-A968343C9EC3}.Release|Any CPU.Build.0 = Release|Any CPU
		{7AC2CD25-3B9D-4580-9963-580A0CBA1032}.Debug|Any CPU.ActiveCfg = Debug|Any CPU
		{7AC2CD25-3B9D-4580-9963-580A0CBA1032}.Debug|Any CPU.Build.0 = Debug|Any CPU
		{7AC2CD25-3B9D-4580-9963-580A0CBA1032}.Release|Any CPU.ActiveCfg = Release|Any CPU
		{7AC2CD25-3B9D-4580-9963-580A0CBA1032}.Release|Any CPU.Build.0 = Release|Any CPU
		{68BDC500-09EF-490B-A1F0-CD9C8750F626}.Debug|Any CPU.ActiveCfg = Debug|Any CPU
		{68BDC500-09EF-490B-A1F0-CD9C8750F626}.Debug|Any CPU.Build.0 = Debug|Any CPU
		{68BDC500-09EF-490B-A1F0-CD9C8750F626}.Release|Any CPU.ActiveCfg = Release|Any CPU
		{68BDC500-09EF-490B-A1F0-CD9C8750F626}.Release|Any CPU.Build.0 = Release|Any CPU
		{283ABE7E-0F6C-40F2-8074-555236BE97B3}.Debug|Any CPU.ActiveCfg = Debug|Any CPU
		{283ABE7E-0F6C-40F2-8074-555236BE97B3}.Debug|Any CPU.Build.0 = Debug|Any CPU
		{283ABE7E-0F6C-40F2-8074-555236BE97B3}.Release|Any CPU.ActiveCfg = Release|Any CPU
		{283ABE7E-0F6C-40F2-8074-555236BE97B3}.Release|Any CPU.Build.0 = Release|Any CPU
		{108D6BE0-B126-43F1-AC26-49427DEAEBD6}.Debug|Any CPU.ActiveCfg = Debug|Any CPU
		{108D6BE0-B126-43F1-AC26-49427DEAEBD6}.Debug|Any CPU.Build.0 = Debug|Any CPU
		{108D6BE0-B126-43F1-AC26-49427DEAEBD6}.Release|Any CPU.ActiveCfg = Release|Any CPU
		{108D6BE0-B126-43F1-AC26-49427DEAEBD6}.Release|Any CPU.Build.0 = Release|Any CPU
		{62D31DE5-D97F-4133-899B-7A8CC195598B}.Debug|Any CPU.ActiveCfg = Debug|Any CPU
		{62D31DE5-D97F-4133-899B-7A8CC195598B}.Debug|Any CPU.Build.0 = Debug|Any CPU
		{62D31DE5-D97F-4133-899B-7A8CC195598B}.Release|Any CPU.ActiveCfg = Release|Any CPU
		{62D31DE5-D97F-4133-899B-7A8CC195598B}.Release|Any CPU.Build.0 = Release|Any CPU
		{213F1FAA-C946-4583-A4DC-5FF6F3269F75}.Debug|Any CPU.ActiveCfg = Debug|Any CPU
		{213F1FAA-C946-4583-A4DC-5FF6F3269F75}.Debug|Any CPU.Build.0 = Debug|Any CPU
		{213F1FAA-C946-4583-A4DC-5FF6F3269F75}.Release|Any CPU.ActiveCfg = Release|Any CPU
		{213F1FAA-C946-4583-A4DC-5FF6F3269F75}.Release|Any CPU.Build.0 = Release|Any CPU
		{966D9CD2-F294-438A-AB26-EA5C13111045}.Debug|Any CPU.ActiveCfg = Debug|Any CPU
		{966D9CD2-F294-438A-AB26-EA5C13111045}.Debug|Any CPU.Build.0 = Debug|Any CPU
		{966D9CD2-F294-438A-AB26-EA5C13111045}.Release|Any CPU.ActiveCfg = Release|Any CPU
		{966D9CD2-F294-438A-AB26-EA5C13111045}.Release|Any CPU.Build.0 = Release|Any CPU
		{B2C45CDD-5718-4368-8728-EADF5B08AF57}.Debug|Any CPU.ActiveCfg = Debug|Any CPU
		{B2C45CDD-5718-4368-8728-EADF5B08AF57}.Debug|Any CPU.Build.0 = Debug|Any CPU
		{B2C45CDD-5718-4368-8728-EADF5B08AF57}.Release|Any CPU.ActiveCfg = Release|Any CPU
		{B2C45CDD-5718-4368-8728-EADF5B08AF57}.Release|Any CPU.Build.0 = Release|Any CPU
		{0A2C0716-2B91-4CF1-A799-BC7D491EEE52}.Debug|Any CPU.ActiveCfg = Debug|Any CPU
		{0A2C0716-2B91-4CF1-A799-BC7D491EEE52}.Debug|Any CPU.Build.0 = Debug|Any CPU
		{0A2C0716-2B91-4CF1-A799-BC7D491EEE52}.Release|Any CPU.ActiveCfg = Release|Any CPU
		{0A2C0716-2B91-4CF1-A799-BC7D491EEE52}.Release|Any CPU.Build.0 = Release|Any CPU
		{C524BFFE-B702-44C0-94C4-EAE4E1032A96}.Debug|Any CPU.ActiveCfg = Debug|Any CPU
		{C524BFFE-B702-44C0-94C4-EAE4E1032A96}.Debug|Any CPU.Build.0 = Debug|Any CPU
		{C524BFFE-B702-44C0-94C4-EAE4E1032A96}.Release|Any CPU.ActiveCfg = Release|Any CPU
		{C524BFFE-B702-44C0-94C4-EAE4E1032A96}.Release|Any CPU.Build.0 = Release|Any CPU
		{246B7963-8D6B-4A48-B231-57C09C260C03}.Debug|Any CPU.ActiveCfg = Debug|Any CPU
		{246B7963-8D6B-4A48-B231-57C09C260C03}.Debug|Any CPU.Build.0 = Debug|Any CPU
		{246B7963-8D6B-4A48-B231-57C09C260C03}.Release|Any CPU.ActiveCfg = Release|Any CPU
		{246B7963-8D6B-4A48-B231-57C09C260C03}.Release|Any CPU.Build.0 = Release|Any CPU
		{B80DA93A-3A27-48A7-8DA4-09995EE834C8}.Debug|Any CPU.ActiveCfg = Debug|Any CPU
		{B80DA93A-3A27-48A7-8DA4-09995EE834C8}.Debug|Any CPU.Build.0 = Debug|Any CPU
		{B80DA93A-3A27-48A7-8DA4-09995EE834C8}.Release|Any CPU.ActiveCfg = Release|Any CPU
		{B80DA93A-3A27-48A7-8DA4-09995EE834C8}.Release|Any CPU.Build.0 = Release|Any CPU
	EndGlobalSection
	GlobalSection(SolutionProperties) = preSolution
		HideSolutionNode = FALSE
	EndGlobalSection
	GlobalSection(ExtensibilityGlobals) = postSolution
		SolutionGuid = {165500F4-9413-41BC-8A71-A47143967E0F}
	EndGlobalSection
EndGlobal
